
Microsoft Visual Studio Solution File, Format Version 12.00
# Visual Studio Version 17
VisualStudioVersion = 17.0.31903.59
MinimumVisualStudioVersion = 10.0.40219.1
Project("{2150E333-8FDC-42A3-9474-1A3956D46DE8}") = "src", "src", "{827E0CD3-B72D-47B6-A68D-7590B98EB39B}"
EndProject
Project("{FAE04EC0-301F-11D3-BF4B-00C04F79EFBC}") = "Anchor.AI", "src\Anchor.AI\Anchor.AI.csproj", "{A91E6E1C-9675-47F8-B566-DCF8CEF30259}"
EndProject
Project("{FAE04EC0-301F-11D3-BF4B-00C04F79EFBC}") = "Anchor.Application", "src\Anchor.Application\Anchor.Application.csproj", "{A4470496-6A6F-4A36-BA1B-DAF4E270593D}"
EndProject
Project("{FAE04EC0-301F-11D3-BF4B-00C04F79EFBC}") = "Anchor.Cli", "src\Anchor.Cli\Anchor.Cli.csproj", "{F3CEE888-A343-4762-81E4-212CD7308F51}"
EndProject
Project("{FAE04EC0-301F-11D3-BF4B-00C04F79EFBC}") = "Anchor.Diagnostics", "src\Anchor.Diagnostics\Anchor.Diagnostics.csproj", "{273111F1-4935-4B7F-B283-F03B29A00D42}"
EndProject
Project("{FAE04EC0-301F-11D3-BF4B-00C04F79EFBC}") = "Anchor.Domain", "src\Anchor.Domain\Anchor.Domain.csproj", "{F99B9E6F-B3B7-4FC0-8B62-EFB9BB431C3C}"
EndProject
Project("{FAE04EC0-301F-11D3-BF4B-00C04F79EFBC}") = "Anchor.Git", "src\Anchor.Git\Anchor.Git.csproj", "{F0B10135-B5BF-4E1A-B38D-4A6C852CC84F}"
EndProject
Project("{FAE04EC0-301F-11D3-BF4B-00C04F79EFBC}") = "Anchor.Infrastructure", "src\Anchor.Infrastructure\Anchor.Infrastructure.csproj", "{ADC3548B-F663-4BAA-9FD4-A44B8E2D5A4E}"
EndProject
Project("{FAE04EC0-301F-11D3-BF4B-00C04F79EFBC}") = "Anchor.Localization", "src\Anchor.Localization\Anchor.Localization.csproj", "{36736DF5-FA05-4D60-B570-DE8D25494166}"
EndProject
Project("{FAE04EC0-301F-11D3-BF4B-00C04F79EFBC}") = "Anchor.Presentation", "src\Anchor.Presentation\Anchor.Presentation.csproj", "{EAB72B67-38A5-4C76-B617-C669A70843F0}"
EndProject
Project("{FAE04EC0-301F-11D3-BF4B-00C04F79EFBC}") = "Anchor.Recovery", "src\Anchor.Recovery\Anchor.Recovery.csproj", "{B1E2B686-A18F-40CF-B45E-325BC6E5C970}"
EndProject
Project("{2150E333-8FDC-42A3-9474-1A3956D46DE8}") = "tests", "tests", "{0AB3BF05-4346-4AA6-1389-037BE0695223}"
EndProject
Project("{FAE04EC0-301F-11D3-BF4B-00C04F79EFBC}") = "Anchor.AI.Tests", "tests\Anchor.AI.Tests\Anchor.AI.Tests.csproj", "{7B6F9E87-0E18-4759-B3CA-BA3920926FE1}"
EndProject
Project("{FAE04EC0-301F-11D3-BF4B-00C04F79EFBC}") = "Anchor.Application.Tests", "tests\Anchor.Application.Tests\Anchor.Application.Tests.csproj", "{F43158A3-EB31-4A92-89D2-EB30D1BDF978}"
EndProject
Project("{FAE04EC0-301F-11D3-BF4B-00C04F79EFBC}") = "Anchor.Cli.Tests", "tests\Anchor.Cli.Tests\Anchor.Cli.Tests.csproj", "{67AC293B-FD33-474D-B9BA-F64E10DF31A0}"
EndProject
Project("{FAE04EC0-301F-11D3-BF4B-00C04F79EFBC}") = "Anchor.Domain.Tests", "tests\Anchor.Domain.Tests\Anchor.Domain.Tests.csproj", "{4C6FC2B2-B4E2-4B43-A1DA-BEB8C47E0337}"
EndProject
Project("{FAE04EC0-301F-11D3-BF4B-00C04F79EFBC}") = "Anchor.Git.Tests", "tests\Anchor.Git.Tests\Anchor.Git.Tests.csproj", "{5E4A2BEF-21B6-4C4C-96BB-EB81275E1A54}"
EndProject
Project("{FAE04EC0-301F-11D3-BF4B-00C04F79EFBC}") = "Anchor.Infrastructure.Tests", "tests\Anchor.Infrastructure.Tests\Anchor.Infrastructure.Tests.csproj", "{BFDFCEE4-81C2-4559-AAC3-E63CCB61BB9B}"
EndProject
Global
	GlobalSection(SolutionConfigurationPlatforms) = preSolution
		Debug|Any CPU = Debug|Any CPU
		Debug|x64 = Debug|x64
		Debug|x86 = Debug|x86
		Release|Any CPU = Release|Any CPU
		Release|x64 = Release|x64
		Release|x86 = Release|x86
	EndGlobalSection
	GlobalSection(ProjectConfigurationPlatforms) = postSolution
		{A91E6E1C-9675-47F8-B566-DCF8CEF30259}.Debug|Any CPU.ActiveCfg = Debug|Any CPU
		{A91E6E1C-9675-47F8-B566-DCF8CEF30259}.Debug|Any CPU.Build.0 = Debug|Any CPU
		{A91E6E1C-9675-47F8-B566-DCF8CEF30259}.Debug|x64.ActiveCfg = Debug|Any CPU
		{A91E6E1C-9675-47F8-B566-DCF8CEF30259}.Debug|x64.Build.0 = Debug|Any CPU
		{A91E6E1C-9675-47F8-B566-DCF8CEF30259}.Debug|x86.ActiveCfg = Debug|Any CPU
		{A91E6E1C-9675-47F8-B566-DCF8CEF30259}.Debug|x86.Build.0 = Debug|Any CPU
		{A91E6E1C-9675-47F8-B566-DCF8CEF30259}.Release|Any CPU.ActiveCfg = Release|Any CPU
		{A91E6E1C-9675-47F8-B566-DCF8CEF30259}.Release|Any CPU.Build.0 = Release|Any CPU
		{A91E6E1C-9675-47F8-B566-DCF8CEF30259}.Release|x64.ActiveCfg = Release|Any CPU
		{A91E6E1C-9675-47F8-B566-DCF8CEF30259}.Release|x64.Build.0 = Release|Any CPU
		{A91E6E1C-9675-47F8-B566-DCF8CEF30259}.Release|x86.ActiveCfg = Release|Any CPU
		{A91E6E1C-9675-47F8-B566-DCF8CEF30259}.Release|x86.Build.0 = Release|Any CPU
		{A4470496-6A6F-4A36-BA1B-DAF4E270593D}.Debug|Any CPU.ActiveCfg = Debug|Any CPU
		{A4470496-6A6F-4A36-BA1B-DAF4E270593D}.Debug|Any CPU.Build.0 = Debug|Any CPU
		{A4470496-6A6F-4A36-BA1B-DAF4E270593D}.Debug|x64.ActiveCfg = Debug|Any CPU
		{A4470496-6A6F-4A36-BA1B-DAF4E270593D}.Debug|x64.Build.0 = Debug|Any CPU
		{A4470496-6A6F-4A36-BA1B-DAF4E270593D}.Debug|x86.ActiveCfg = Debug|Any CPU
		{A4470496-6A6F-4A36-BA1B-DAF4E270593D}.Debug|x86.Build.0 = Debug|Any CPU
		{A4470496-6A6F-4A36-BA1B-DAF4E270593D}.Release|Any CPU.ActiveCfg = Release|Any CPU
		{A4470496-6A6F-4A36-BA1B-DAF4E270593D}.Release|Any CPU.Build.0 = Release|Any CPU
		{A4470496-6A6F-4A36-BA1B-DAF4E270593D}.Release|x64.ActiveCfg = Release|Any CPU
		{A4470496-6A6F-4A36-BA1B-DAF4E270593D}.Release|x64.Build.0 = Release|Any CPU
		{A4470496-6A6F-4A36-BA1B-DAF4E270593D}.Release|x86.ActiveCfg = Release|Any CPU
		{A4470496-6A6F-4A36-BA1B-DAF4E270593D}.Release|x86.Build.0 = Release|Any CPU
		{F3CEE888-A343-4762-81E4-212CD7308F51}.Debug|Any CPU.ActiveCfg = Debug|Any CPU
		{F3CEE888-A343-4762-81E4-212CD7308F51}.Debug|Any CPU.Build.0 = Debug|Any CPU
		{F3CEE888-A343-4762-81E4-212CD7308F51}.Debug|x64.ActiveCfg = Debug|Any CPU
		{F3CEE888-A343-4762-81E4-212CD7308F51}.Debug|x64.Build.0 = Debug|Any CPU
		{F3CEE888-A343-4762-81E4-212CD7308F51}.Debug|x86.ActiveCfg = Debug|Any CPU
		{F3CEE888-A343-4762-81E4-212CD7308F51}.Debug|x86.Build.0 = Debug|Any CPU
		{F3CEE888-A343-4762-81E4-212CD7308F51}.Release|Any CPU.ActiveCfg = Release|Any CPU
		{F3CEE888-A343-4762-81E4-212CD7308F51}.Release|Any CPU.Build.0 = Release|Any CPU
		{F3CEE888-A343-4762-81E4-212CD7308F51}.Release|x64.ActiveCfg = Release|Any CPU
		{F3CEE888-A343-4762-81E4-212CD7308F51}.Release|x64.Build.0 = Release|Any CPU
		{F3CEE888-A343-4762-81E4-212CD7308F51}.Release|x86.ActiveCfg = Release|Any CPU
		{F3CEE888-A343-4762-81E4-212CD7308F51}.Release|x86.Build.0 = Release|Any CPU
		{273111F1-4935-4B7F-B283-F03B29A00D42}.Debug|Any CPU.ActiveCfg = Debug|Any CPU
		{273111F1-4935-4B7F-B283-F03B29A00D42}.Debug|Any CPU.Build.0 = Debug|Any CPU
		{273111F1-4935-4B7F-B283-F03B29A00D42}.Debug|x64.ActiveCfg = Debug|Any CPU
		{273111F1-4935-4B7F-B283-F03B29A00D42}.Debug|x64.Build.0 = Debug|Any CPU
		{273111F1-4935-4B7F-B283-F03B29A00D42}.Debug|x86.ActiveCfg = Debug|Any CPU
		{273111F1-4935-4B7F-B283-F03B29A00D42}.Debug|x86.Build.0 = Debug|Any CPU
		{273111F1-4935-4B7F-B283-F03B29A00D42}.Release|Any CPU.ActiveCfg = Release|Any CPU
		{273111F1-4935-4B7F-B283-F03B29A00D42}.Release|Any CPU.Build.0 = Release|Any CPU
		{273111F1-4935-4B7F-B283-F03B29A00D42}.Release|x64.ActiveCfg = Release|Any CPU
		{273111F1-4935-4B7F-B283-F03B29A00D42}.Release|x64.Build.0 = Release|Any CPU
		{273111F1-4935-4B7F-B283-F03B29A00D42}.Release|x86.ActiveCfg = Release|Any CPU
		{273111F1-4935-4B7F-B283-F03B29A00D42}.Release|x86.Build.0 = Release|Any CPU
		{F99B9E6F-B3B7-4FC0-8B62-EFB9BB431C3C}.Debug|Any CPU.ActiveCfg = Debug|Any CPU
		{F99B9E6F-B3B7-4FC0-8B62-EFB9BB431C3C}.Debug|Any CPU.Build.0 = Debug|Any CPU
		{F99B9E6F-B3B7-4FC0-8B62-EFB9BB431C3C}.Debug|x64.ActiveCfg = Debug|Any CPU
		{F99B9E6F-B3B7-4FC0-8B62-EFB9BB431C3C}.Debug|x64.Build.0 = Debug|Any CPU
		{F99B9E6F-B3B7-4FC0-8B62-EFB9BB431C3C}.Debug|x86.ActiveCfg = Debug|Any CPU
		{F99B9E6F-B3B7-4FC0-8B62-EFB9BB431C3C}.Debug|x86.Build.0 = Debug|Any CPU
		{F99B9E6F-B3B7-4FC0-8B62-EFB9BB431C3C}.Release|Any CPU.ActiveCfg = Release|Any CPU
		{F99B9E6F-B3B7-4FC0-8B62-EFB9BB431C3C}.Release|Any CPU.Build.0 = Release|Any CPU
		{F99B9E6F-B3B7-4FC0-8B62-EFB9BB431C3C}.Release|x64.ActiveCfg = Release|Any CPU
		{F99B9E6F-B3B7-4FC0-8B62-EFB9BB431C3C}.Release|x64.Build.0 = Release|Any CPU
		{F99B9E6F-B3B7-4FC0-8B62-EFB9BB431C3C}.Release|x86.ActiveCfg = Release|Any CPU
		{F99B9E6F-B3B7-4FC0-8B62-EFB9BB431C3C}.Release|x86.Build.0 = Release|Any CPU
		{F0B10135-B5BF-4E1A-B38D-4A6C852CC84F}.Debug|Any CPU.ActiveCfg = Debug|Any CPU
		{F0B10135-B5BF-4E1A-B38D-4A6C852CC84F}.Debug|Any CPU.Build.0 = Debug|Any CPU
		{F0B10135-B5BF-4E1A-B38D-4A6C852CC84F}.Debug|x64.ActiveCfg = Debug|Any CPU
		{F0B10135-B5BF-4E1A-B38D-4A6C852CC84F}.Debug|x64.Build.0 = Debug|Any CPU
		{F0B10135-B5BF-4E1A-B38D-4A6C852CC84F}.Debug|x86.ActiveCfg = Debug|Any CPU
		{F0B10135-B5BF-4E1A-B38D-4A6C852CC84F}.Debug|x86.Build.0 = Debug|Any CPU
		{F0B10135-B5BF-4E1A-B38D-4A6C852CC84F}.Release|Any CPU.ActiveCfg = Release|Any CPU
		{F0B10135-B5BF-4E1A-B38D-4A6C852CC84F}.Release|Any CPU.Build.0 = Release|Any CPU
		{F0B10135-B5BF-4E1A-B38D-4A6C852CC84F}.Release|x64.ActiveCfg = Release|Any CPU
		{F0B10135-B5BF-4E1A-B38D-4A6C852CC84F}.Release|x64.Build.0 = Release|Any CPU
		{F0B10135-B5BF-4E1A-B38D-4A6C852CC84F}.Release|x86.ActiveCfg = Release|Any CPU
		{F0B10135-B5BF-4E1A-B38D-4A6C852CC84F}.Release|x86.Build.0 = Release|Any CPU
		{ADC3548B-F663-4BAA-9FD4-A44B8E2D5A4E}.Debug|Any CPU.ActiveCfg = Debug|Any CPU
		{ADC3548B-F663-4BAA-9FD4-A44B8E2D5A4E}.Debug|Any CPU.Build.0 = Debug|Any CPU
		{ADC3548B-F663-4BAA-9FD4-A44B8E2D5A4E}.Debug|x64.ActiveCfg = Debug|Any CPU
		{ADC3548B-F663-4BAA-9FD4-A44B8E2D5A4E}.Debug|x64.Build.0 = Debug|Any CPU
		{ADC3548B-F663-4BAA-9FD4-A44B8E2D5A4E}.Debug|x86.ActiveCfg = Debug|Any CPU
		{ADC3548B-F663-4BAA-9FD4-A44B8E2D5A4E}.Debug|x86.Build.0 = Debug|Any CPU
		{ADC3548B-F663-4BAA-9FD4-A44B8E2D5A4E}.Release|Any CPU.ActiveCfg = Release|Any CPU
		{ADC3548B-F663-4BAA-9FD4-A44B8E2D5A4E}.Release|Any CPU.Build.0 = Release|Any CPU
		{ADC3548B-F663-4BAA-9FD4-A44B8E2D5A4E}.Release|x64.ActiveCfg = Release|Any CPU
		{ADC3548B-F663-4BAA-9FD4-A44B8E2D5A4E}.Release|x64.Build.0 = Release|Any CPU
		{ADC3548B-F663-4BAA-9FD4-A44B8E2D5A4E}.Release|x86.ActiveCfg = Release|Any CPU
		{ADC3548B-F663-4BAA-9FD4-A44B8E2D5A4E}.Release|x86.Build.0 = Release|Any CPU
		{36736DF5-FA05-4D60-B570-DE8D25494166}.Debug|Any CPU.ActiveCfg = Debug|Any CPU
		{36736DF5-FA05-4D60-B570-DE8D25494166}.Debug|Any CPU.Build.0 = Debug|Any CPU
		{36736DF5-FA05-4D60-B570-DE8D25494166}.Debug|x64.ActiveCfg = Debug|Any CPU
		{36736DF5-FA05-4D60-B570-DE8D25494166}.Debug|x64.Build.0 = Debug|Any CPU
		{36736DF5-FA05-4D60-B570-DE8D25494166}.Debug|x86.ActiveCfg = Debug|Any CPU
		{36736DF5-FA05-4D60-B570-DE8D25494166}.Debug|x86.Build.0 = Debug|Any CPU
		{36736DF5-FA05-4D60-B570-DE8D25494166}.Release|Any CPU.ActiveCfg = Release|Any CPU
		{36736DF5-FA05-4D60-B570-DE8D25494166}.Release|Any CPU.Build.0 = Release|Any CPU
		{36736DF5-FA05-4D60-B570-DE8D25494166}.Release|x64.ActiveCfg = Release|Any CPU
		{36736DF5-FA05-4D60-B570-DE8D25494166}.Release|x64.Build.0 = Release|Any CPU
		{36736DF5-FA05-4D60-B570-DE8D25494166}.Release|x86.ActiveCfg = Release|Any CPU
		{36736DF5-FA05-4D60-B570-DE8D25494166}.Release|x86.Build.0 = Release|Any CPU
		{EAB72B67-38A5-4C76-B617-C669A70843F0}.Debug|Any CPU.ActiveCfg = Debug|Any CPU
		{EAB72B67-38A5-4C76-B617-C669A70843F0}.Debug|Any CPU.Build.0 = Debug|Any CPU
		{EAB72B67-38A5-4C76-B617-C669A70843F0}.Debug|x64.ActiveCfg = Debug|Any CPU
		{EAB72B67-38A5-4C76-B617-C669A70843F0}.Debug|x64.Build.0 = Debug|Any CPU
		{EAB72B67-38A5-4C76-B617-C669A70843F0}.Debug|x86.ActiveCfg = Debug|Any CPU
		{EAB72B67-38A5-4C76-B617-C669A70843F0}.Debug|x86.Build.0 = Debug|Any CPU
		{EAB72B67-38A5-4C76-B617-C669A70843F0}.Release|Any CPU.ActiveCfg = Release|Any CPU
		{EAB72B67-38A5-4C76-B617-C669A70843F0}.Release|Any CPU.Build.0 = Release|Any CPU
		{EAB72B67-38A5-4C76-B617-C669A70843F0}.Release|x64.ActiveCfg = Release|Any CPU
		{EAB72B67-38A5-4C76-B617-C669A70843F0}.Release|x64.Build.0 = Release|Any CPU
		{EAB72B67-38A5-4C76-B617-C669A70843F0}.Release|x86.ActiveCfg = Release|Any CPU
		{EAB72B67-38A5-4C76-B617-C669A70843F0}.Release|x86.Build.0 = Release|Any CPU
		{B1E2B686-A18F-40CF-B45E-325BC6E5C970}.Debug|Any CPU.ActiveCfg = Debug|Any CPU
		{B1E2B686-A18F-40CF-B45E-325BC6E5C970}.Debug|Any CPU.Build.0 = Debug|Any CPU
		{B1E2B686-A18F-40CF-B45E-325BC6E5C970}.Debug|x64.ActiveCfg = Debug|Any CPU
		{B1E2B686-A18F-40CF-B45E-325BC6E5C970}.Debug|x64.Build.0 = Debug|Any CPU
		{B1E2B686-A18F-40CF-B45E-325BC6E5C970}.Debug|x86.ActiveCfg = Debug|Any CPU
		{B1E2B686-A18F-40CF-B45E-325BC6E5C970}.Debug|x86.Build.0 = Debug|Any CPU
		{B1E2B686-A18F-40CF-B45E-325BC6E5C970}.Release|Any CPU.ActiveCfg = Release|Any CPU
		{B1E2B686-A18F-40CF-B45E-325BC6E5C970}.Release|Any CPU.Build.0 = Release|Any CPU
		{B1E2B686-A18F-40CF-B45E-325BC6E5C970}.Release|x64.ActiveCfg = Release|Any CPU
		{B1E2B686-A18F-40CF-B45E-325BC6E5C970}.Release|x64.Build.0 = Release|Any CPU
		{B1E2B686-A18F-40CF-B45E-325BC6E5C970}.Release|x86.ActiveCfg = Release|Any CPU
		{B1E2B686-A18F-40CF-B45E-325BC6E5C970}.Release|x86.Build.0 = Release|Any CPU
		{7B6F9E87-0E18-4759-B3CA-BA3920926FE1}.Debug|Any CPU.ActiveCfg = Debug|Any CPU
		{7B6F9E87-0E18-4759-B3CA-BA3920926FE1}.Debug|Any CPU.Build.0 = Debug|Any CPU
		{7B6F9E87-0E18-4759-B3CA-BA3920926FE1}.Debug|x64.ActiveCfg = Debug|Any CPU
		{7B6F9E87-0E18-4759-B3CA-BA3920926FE1}.Debug|x64.Build.0 = Debug|Any CPU
		{7B6F9E87-0E18-4759-B3CA-BA3920926FE1}.Debug|x86.ActiveCfg = Debug|Any CPU
		{7B6F9E87-0E18-4759-B3CA-BA3920926FE1}.Debug|x86.Build.0 = Debug|Any CPU
		{7B6F9E87-0E18-4759-B3CA-BA3920926FE1}.Release|Any CPU.ActiveCfg = Release|Any CPU
		{7B6F9E87-0E18-4759-B3CA-BA3920926FE1}.Release|Any CPU.Build.0 = Release|Any CPU
		{7B6F9E87-0E18-4759-B3CA-BA3920926FE1}.Release|x64.ActiveCfg = Release|Any CPU
		{7B6F9E87-0E18-4759-B3CA-BA3920926FE1}.Release|x64.Build.0 = Release|Any CPU
		{7B6F9E87-0E18-4759-B3CA-BA3920926FE1}.Release|x86.ActiveCfg = Release|Any CPU
		{7B6F9E87-0E18-4759-B3CA-BA3920926FE1}.Release|x86.Build.0 = Release|Any CPU
		{F43158A3-EB31-4A92-89D2-EB30D1BDF978}.Debug|Any CPU.ActiveCfg = Debug|Any CPU
		{F43158A3-EB31-4A92-89D2-EB30D1BDF978}.Debug|Any CPU.Build.0 = Debug|Any CPU
		{F43158A3-EB31-4A92-89D2-EB30D1BDF978}.Debug|x64.ActiveCfg = Debug|Any CPU
		{F43158A3-EB31-4A92-89D2-EB30D1BDF978}.Debug|x64.Build.0 = Debug|Any CPU
		{F43158A3-EB31-4A92-89D2-EB30D1BDF978}.Debug|x86.ActiveCfg = Debug|Any CPU
		{F43158A3-EB31-4A92-89D2-EB30D1BDF978}.Debug|x86.Build.0 = Debug|Any CPU
		{F43158A3-EB31-4A92-89D2-EB30D1BDF978}.Release|Any CPU.ActiveCfg = Release|Any CPU
		{F43158A3-EB31-4A92-89D2-EB30D1BDF978}.Release|Any CPU.Build.0 = Release|Any CPU
		{F43158A3-EB31-4A92-89D2-EB30D1BDF978}.Release|x64.ActiveCfg = Release|Any CPU
		{F43158A3-EB31-4A92-89D2-EB30D1BDF978}.Release|x64.Build.0 = Release|Any CPU
		{F43158A3-EB31-4A92-89D2-EB30D1BDF978}.Release|x86.ActiveCfg = Release|Any CPU
		{F43158A3-EB31-4A92-89D2-EB30D1BDF978}.Release|x86.Build.0 = Release|Any CPU
		{67AC293B-FD33-474D-B9BA-F64E10DF31A0}.Debug|Any CPU.ActiveCfg = Debug|Any CPU
		{67AC293B-FD33-474D-B9BA-F64E10DF31A0}.Debug|Any CPU.Build.0 = Debug|Any CPU
		{67AC293B-FD33-474D-B9BA-F64E10DF31A0}.Debug|x64.ActiveCfg = Debug|Any CPU
		{67AC293B-FD33-474D-B9BA-F64E10DF31A0}.Debug|x64.Build.0 = Debug|Any CPU
		{67AC293B-FD33-474D-B9BA-F64E10DF31A0}.Debug|x86.ActiveCfg = Debug|Any CPU
		{67AC293B-FD33-474D-B9BA-F64E10DF31A0}.Debug|x86.Build.0 = Debug|Any CPU
		{67AC293B-FD33-474D-B9BA-F64E10DF31A0}.Release|Any CPU.ActiveCfg = Release|Any CPU
		{67AC293B-FD33-474D-B9BA-F64E10DF31A0}.Release|Any CPU.Build.0 = Release|Any CPU
		{67AC293B-FD33-474D-B9BA-F64E10DF31A0}.Release|x64.ActiveCfg = Release|Any CPU
		{67AC293B-FD33-474D-B9BA-F64E10DF31A0}.Release|x64.Build.0 = Release|Any CPU
		{67AC293B-FD33-474D-B9BA-F64E10DF31A0}.Release|x86.ActiveCfg = Release|Any CPU
		{67AC293B-FD33-474D-B9BA-F64E10DF31A0}.Release|x86.Build.0 = Release|Any CPU
		{4C6FC2B2-B4E2-4B43-A1DA-BEB8C47E0337}.Debug|Any CPU.ActiveCfg = Debug|Any CPU
		{4C6FC2B2-B4E2-4B43-A1DA-BEB8C47E0337}.Debug|Any CPU.Build.0 = Debug|Any CPU
		{4C6FC2B2-B4E2-4B43-A1DA-BEB8C47E0337}.Debug|x64.ActiveCfg = Debug|Any CPU
		{4C6FC2B2-B4E2-4B43-A1DA-BEB8C47E0337}.Debug|x64.Build.0 = Debug|Any CPU
		{4C6FC2B2-B4E2-4B43-A1DA-BEB8C47E0337}.Debug|x86.ActiveCfg = Debug|Any CPU
		{4C6FC2B2-B4E2-4B43-A1DA-BEB8C47E0337}.Debug|x86.Build.0 = Debug|Any CPU
		{4C6FC2B2-B4E2-4B43-A1DA-BEB8C47E0337}.Release|Any CPU.ActiveCfg = Release|Any CPU
		{4C6FC2B2-B4E2-4B43-A1DA-BEB8C47E0337}.Release|Any CPU.Build.0 = Release|Any CPU
		{4C6FC2B2-B4E2-4B43-A1DA-BEB8C47E0337}.Release|x64.ActiveCfg = Release|Any CPU
		{4C6FC2B2-B4E2-4B43-A1DA-BEB8C47E0337}.Release|x64.Build.0 = Release|Any CPU
		{4C6FC2B2-B4E2-4B43-A1DA-BEB8C47E0337}.Release|x86.ActiveCfg = Release|Any CPU
		{4C6FC2B2-B4E2-4B43-A1DA-BEB8C47E0337}.Release|x86.Build.0 = Release|Any CPU
		{5E4A2BEF-21B6-4C4C-96BB-EB81275E1A54}.Debug|Any CPU.ActiveCfg = Debug|Any CPU
		{5E4A2BEF-21B6-4C4C-96BB-EB81275E1A54}.Debug|Any CPU.Build.0 = Debug|Any CPU
		{5E4A2BEF-21B6-4C4C-96BB-EB81275E1A54}.Debug|x64.ActiveCfg = Debug|Any CPU
		{5E4A2BEF-21B6-4C4C-96BB-EB81275E1A54}.Debug|x64.Build.0 = Debug|Any CPU
		{5E4A2BEF-21B6-4C4C-96BB-EB81275E1A54}.Debug|x86.ActiveCfg = Debug|Any CPU
		{5E4A2BEF-21B6-4C4C-96BB-EB81275E1A54}.Debug|x86.Build.0 = Debug|Any CPU
		{5E4A2BEF-21B6-4C4C-96BB-EB81275E1A54}.Release|Any CPU.ActiveCfg = Release|Any CPU
		{5E4A2BEF-21B6-4C4C-96BB-EB81275E1A54}.Release|Any CPU.Build.0 = Release|Any CPU
		{5E4A2BEF-21B6-4C4C-96BB-EB81275E1A54}.Release|x64.ActiveCfg = Release|Any CPU
		{5E4A2BEF-21B6-4C4C-96BB-EB81275E1A54}.Release|x64.Build.0 = Release|Any CPU
		{5E4A2BEF-21B6-4C4C-96BB-EB81275E1A54}.Release|x86.ActiveCfg = Release|Any CPU
		{5E4A2BEF-21B6-4C4C-96BB-EB81275E1A54}.Release|x86.Build.0 = Release|Any CPU
		{BFDFCEE4-81C2-4559-AAC3-E63CCB61BB9B}.Debug|Any CPU.ActiveCfg = Debug|Any CPU
		{BFDFCEE4-81C2-4559-AAC3-E63CCB61BB9B}.Debug|Any CPU.Build.0 = Debug|Any CPU
		{BFDFCEE4-81C2-4559-AAC3-E63CCB61BB9B}.Debug|x64.ActiveCfg = Debug|Any CPU
		{BFDFCEE4-81C2-4559-AAC3-E63CCB61BB9B}.Debug|x64.Build.0 = Debug|Any CPU
		{BFDFCEE4-81C2-4559-AAC3-E63CCB61BB9B}.Debug|x86.ActiveCfg = Debug|Any CPU
		{BFDFCEE4-81C2-4559-AAC3-E63CCB61BB9B}.Debug|x86.Build.0 = Debug|Any CPU
		{BFDFCEE4-81C2-4559-AAC3-E63CCB61BB9B}.Release|Any CPU.ActiveCfg = Release|Any CPU
		{BFDFCEE4-81C2-4559-AAC3-E63CCB61BB9B}.Release|Any CPU.Build.0 = Release|Any CPU
		{BFDFCEE4-81C2-4559-AAC3-E63CCB61BB9B}.Release|x64.ActiveCfg = Release|Any CPU
		{BFDFCEE4-81C2-4559-AAC3-E63CCB61BB9B}.Release|x64.Build.0 = Release|Any CPU
		{BFDFCEE4-81C2-4559-AAC3-E63CCB61BB9B}.Release|x86.ActiveCfg = Release|Any CPU
		{BFDFCEE4-81C2-4559-AAC3-E63CCB61BB9B}.Release|x86.Build.0 = Release|Any CPU
	EndGlobalSection
	GlobalSection(SolutionProperties) = preSolution
		HideSolutionNode = FALSE
	EndGlobalSection
	GlobalSection(NestedProjects) = preSolution
		{A91E6E1C-9675-47F8-B566-DCF8CEF30259} = {827E0CD3-B72D-47B6-A68D-7590B98EB39B}
		{A4470496-6A6F-4A36-BA1B-DAF4E270593D} = {827E0CD3-B72D-47B6-A68D-7590B98EB39B}
		{F3CEE888-A343-4762-81E4-212CD7308F51} = {827E0CD3-B72D-47B6-A68D-7590B98EB39B}
		{273111F1-4935-4B7F-B283-F03B29A00D42} = {827E0CD3-B72D-47B6-A68D-7590B98EB39B}
		{F99B9E6F-B3B7-4FC0-8B62-EFB9BB431C3C} = {827E0CD3-B72D-47B6-A68D-7590B98EB39B}
		{F0B10135-B5BF-4E1A-B38D-4A6C852CC84F} = {827E0CD3-B72D-47B6-A68D-7590B98EB39B}
		{ADC3548B-F663-4BAA-9FD4-A44B8E2D5A4E} = {827E0CD3-B72D-47B6-A68D-7590B98EB39B}
		{36736DF5-FA05-4D60-B570-DE8D25494166} = {827E0CD3-B72D-47B6-A68D-7590B98EB39B}
		{EAB72B67-38A5-4C76-B617-C669A70843F0} = {827E0CD3-B72D-47B6-A68D-7590B98EB39B}
		{B1E2B686-A18F-40CF-B45E-325BC6E5C970} = {827E0CD3-B72D-47B6-A68D-7590B98EB39B}
		{7B6F9E87-0E18-4759-B3CA-BA3920926FE1} = {0AB3BF05-4346-4AA6-1389-037BE0695223}
		{F43158A3-EB31-4A92-89D2-EB30D1BDF978} = {0AB3BF05-4346-4AA6-1389-037BE0695223}
		{67AC293B-FD33-474D-B9BA-F64E10DF31A0} = {0AB3BF05-4346-4AA6-1389-037BE0695223}
		{4C6FC2B2-B4E2-4B43-A1DA-BEB8C47E0337} = {0AB3BF05-4346-4AA6-1389-037BE0695223}
		{5E4A2BEF-21B6-4C4C-96BB-EB81275E1A54} = {0AB3BF05-4346-4AA6-1389-037BE0695223}
		{BFDFCEE4-81C2-4559-AAC3-E63CCB61BB9B} = {0AB3BF05-4346-4AA6-1389-037BE0695223}
	EndGlobalSection
EndGlobal
